
Microsoft Visual Studio Solution File, Format Version 12.00
# Visual Studio Version 17
VisualStudioVersion = 17.5.33516.290
MinimumVisualStudioVersion = 10.0.40219.1
Project("{8BC9CEB8-8B4A-11D0-8D11-00A0C91BC942}") = "Day1", "Day1\Day1.vcxproj", "{D379CF47-6B38-4447-8105-3E55DE4FDAC5}"
	ProjectSection(ProjectDependencies) = postProject
		{81EB10D0-AA85-4301-8EC6-BBF1E5C736AD} = {81EB10D0-AA85-4301-8EC6-BBF1E5C736AD}
	EndProjectSection
EndProject
Project("{8BC9CEB8-8B4A-11D0-8D11-00A0C91BC942}") = "Common", "Common\Common.vcxproj", "{81EB10D0-AA85-4301-8EC6-BBF1E5C736AD}"
EndProject
Project("{8BC9CEB8-8B4A-11D0-8D11-00A0C91BC942}") = "Day2", "Day2\Day2.vcxproj", "{A94055DB-1493-4840-A766-FF0B872ECFE5}"
EndProject
Project("{8BC9CEB8-8B4A-11D0-8D11-00A0C91BC942}") = "Day3", "Day3\Day3.vcxproj", "{C78BC21C-8EB7-48D5-998B-F20CAE4856A6}"
EndProject
Project("{8BC9CEB8-8B4A-11D0-8D11-00A0C91BC942}") = "Day4", "Day4\Day4.vcxproj", "{0935DE80-6AC4-47B8-815E-DC6FAF69D063}"
EndProject
Project("{8BC9CEB8-8B4A-11D0-8D11-00A0C91BC942}") = "Day5", "Day5\Day5.vcxproj", "{290E96F7-444A-4001-BC89-5AD715488D35}"
EndProject
Project("{8BC9CEB8-8B4A-11D0-8D11-00A0C91BC942}") = "Day6", "Day6\Day6.vcxproj", "{B41E8438-6D73-43BF-B9BB-2F1E6E64A53D}"
EndProject
Project("{8BC9CEB8-8B4A-11D0-8D11-00A0C91BC942}") = "Day7", "Day7\Day7.vcxproj", "{22CFB6E3-1423-4811-8C93-0A0CD44125E6}"
EndProject
Project("{8BC9CEB8-8B4A-11D0-8D11-00A0C91BC942}") = "Day8", "Day8\Day8.vcxproj", "{312BEC6C-78AF-4B53-9DF0-8697EB551CCC}"
EndProject
Project("{8BC9CEB8-8B4A-11D0-8D11-00A0C91BC942}") = "Day9", "Day9\Day9.vcxproj", "{C72D2335-E4E9-4D0E-AC92-FC904E958131}"
EndProject
Project("{8BC9CEB8-8B4A-11D0-8D11-00A0C91BC942}") = "Day10", "Day10\Day10.vcxproj", "{48528209-7C68-42DC-A4B2-D5DD40739ABF}"
EndProject
Project("{8BC9CEB8-8B4A-11D0-8D11-00A0C91BC942}") = "Day11", "Day11\Day11.vcxproj", "{B9F2939A-B4E6-4AD5-B53E-2C3FF840F730}"
EndProject
Project("{8BC9CEB8-8B4A-11D0-8D11-00A0C91BC942}") = "Day12", "Day12\Day12.vcxproj", "{1BF43AAF-1843-4B69-BF88-2AFC438F4620}"
EndProject
Project("{8BC9CEB8-8B4A-11D0-8D11-00A0C91BC942}") = "Day13", "Day13\Day13.vcxproj", "{55D29F88-6418-44FE-8281-EAE8BA173166}"
EndProject
Project("{8BC9CEB8-8B4A-11D0-8D11-00A0C91BC942}") = "Day15", "Day15\Day15.vcxproj", "{128B3765-B53E-47B2-B153-0FEA562D699D}"
EndProject
Project("{8BC9CEB8-8B4A-11D0-8D11-00A0C91BC942}") = "Day16", "Day16\Day16.vcxproj", "{0607BCA6-DCE9-4571-9E4C-9476FDCC7CF3}"
EndProject
Project("{8BC9CEB8-8B4A-11D0-8D11-00A0C91BC942}") = "Day17", "Day17\Day17.vcxproj", "{DC041914-3094-48CF-B64C-C62CC8F575BF}"
EndProject
Project("{8BC9CEB8-8B4A-11D0-8D11-00A0C91BC942}") = "OtherDays", "OtherDays\OtherDays.vcxproj", "{1D622B93-EB59-4088-AB80-FA67C52C94FA}"
EndProject
Global
	GlobalSection(SolutionConfigurationPlatforms) = preSolution
		Debug|x64 = Debug|x64
		Debug|x86 = Debug|x86
		Release|x64 = Release|x64
		Release|x86 = Release|x86
	EndGlobalSection
	GlobalSection(ProjectConfigurationPlatforms) = postSolution
		{D379CF47-6B38-4447-8105-3E55DE4FDAC5}.Debug|x64.ActiveCfg = Debug|x64
		{D379CF47-6B38-4447-8105-3E55DE4FDAC5}.Debug|x64.Build.0 = Debug|x64
		{D379CF47-6B38-4447-8105-3E55DE4FDAC5}.Debug|x86.ActiveCfg = Debug|Win32
		{D379CF47-6B38-4447-8105-3E55DE4FDAC5}.Debug|x86.Build.0 = Debug|Win32
		{D379CF47-6B38-4447-8105-3E55DE4FDAC5}.Release|x64.ActiveCfg = Release|x64
		{D379CF47-6B38-4447-8105-3E55DE4FDAC5}.Release|x64.Build.0 = Release|x64
		{D379CF47-6B38-4447-8105-3E55DE4FDAC5}.Release|x86.ActiveCfg = Release|Win32
		{D379CF47-6B38-4447-8105-3E55DE4FDAC5}.Release|x86.Build.0 = Release|Win32
		{81EB10D0-AA85-4301-8EC6-BBF1E5C736AD}.Debug|x64.ActiveCfg = Debug|x64
		{81EB10D0-AA85-4301-8EC6-BBF1E5C736AD}.Debug|x64.Build.0 = Debug|x64
		{81EB10D0-AA85-4301-8EC6-BBF1E5C736AD}.Debug|x86.ActiveCfg = Debug|Win32
		{81EB10D0-AA85-4301-8EC6-BBF1E5C736AD}.Debug|x86.Build.0 = Debug|Win32
		{81EB10D0-AA85-4301-8EC6-BBF1E5C736AD}.Release|x64.ActiveCfg = Release|x64
		{81EB10D0-AA85-4301-8EC6-BBF1E5C736AD}.Release|x64.Build.0 = Release|x64
		{81EB10D0-AA85-4301-8EC6-BBF1E5C736AD}.Release|x86.ActiveCfg = Release|Win32
		{81EB10D0-AA85-4301-8EC6-BBF1E5C736AD}.Release|x86.Build.0 = Release|Win32
		{A94055DB-1493-4840-A766-FF0B872ECFE5}.Debug|x64.ActiveCfg = Debug|x64
		{A94055DB-1493-4840-A766-FF0B872ECFE5}.Debug|x64.Build.0 = Debug|x64
		{A94055DB-1493-4840-A766-FF0B872ECFE5}.Debug|x86.ActiveCfg = Debug|Win32
		{A94055DB-1493-4840-A766-FF0B872ECFE5}.Debug|x86.Build.0 = Debug|Win32
		{A94055DB-1493-4840-A766-FF0B872ECFE5}.Release|x64.ActiveCfg = Release|x64
		{A94055DB-1493-4840-A766-FF0B872ECFE5}.Release|x64.Build.0 = Release|x64
		{A94055DB-1493-4840-A766-FF0B872ECFE5}.Release|x86.ActiveCfg = Release|Win32
		{A94055DB-1493-4840-A766-FF0B872ECFE5}.Release|x86.Build.0 = Release|Win32
		{C78BC21C-8EB7-48D5-998B-F20CAE4856A6}.Debug|x64.ActiveCfg = Debug|x64
		{C78BC21C-8EB7-48D5-998B-F20CAE4856A6}.Debug|x64.Build.0 = Debug|x64
		{C78BC21C-8EB7-48D5-998B-F20CAE4856A6}.Debug|x86.ActiveCfg = Debug|Win32
		{C78BC21C-8EB7-48D5-998B-F20CAE4856A6}.Debug|x86.Build.0 = Debug|Win32
		{C78BC21C-8EB7-48D5-998B-F20CAE4856A6}.Release|x64.ActiveCfg = Release|x64
		{C78BC21C-8EB7-48D5-998B-F20CAE4856A6}.Release|x64.Build.0 = Release|x64
		{C78BC21C-8EB7-48D5-998B-F20CAE4856A6}.Release|x86.ActiveCfg = Release|Win32
		{C78BC21C-8EB7-48D5-998B-F20CAE4856A6}.Release|x86.Build.0 = Release|Win32
		{0935DE80-6AC4-47B8-815E-DC6FAF69D063}.Debug|x64.ActiveCfg = Debug|x64
		{0935DE80-6AC4-47B8-815E-DC6FAF69D063}.Debug|x64.Build.0 = Debug|x64
		{0935DE80-6AC4-47B8-815E-DC6FAF69D063}.Debug|x86.ActiveCfg = Debug|Win32
		{0935DE80-6AC4-47B8-815E-DC6FAF69D063}.Debug|x86.Build.0 = Debug|Win32
		{0935DE80-6AC4-47B8-815E-DC6FAF69D063}.Release|x64.ActiveCfg = Release|x64
		{0935DE80-6AC4-47B8-815E-DC6FAF69D063}.Release|x64.Build.0 = Release|x64
		{0935DE80-6AC4-47B8-815E-DC6FAF69D063}.Release|x86.ActiveCfg = Release|Win32
		{0935DE80-6AC4-47B8-815E-DC6FAF69D063}.Release|x86.Build.0 = Release|Win32
		{290E96F7-444A-4001-BC89-5AD715488D35}.Debug|x64.ActiveCfg = Debug|x64
		{290E96F7-444A-4001-BC89-5AD715488D35}.Debug|x64.Build.0 = Debug|x64
		{290E96F7-444A-4001-BC89-5AD715488D35}.Debug|x86.ActiveCfg = Debug|Win32
		{290E96F7-444A-4001-BC89-5AD715488D35}.Debug|x86.Build.0 = Debug|Win32
		{290E96F7-444A-4001-BC89-5AD715488D35}.Release|x64.ActiveCfg = Release|x64
		{290E96F7-444A-4001-BC89-5AD715488D35}.Release|x64.Build.0 = Release|x64
		{290E96F7-444A-4001-BC89-5AD715488D35}.Release|x86.ActiveCfg = Release|Win32
		{290E96F7-444A-4001-BC89-5AD715488D35}.Release|x86.Build.0 = Release|Win32
		{B41E8438-6D73-43BF-B9BB-2F1E6E64A53D}.Debug|x64.ActiveCfg = Debug|x64
		{B41E8438-6D73-43BF-B9BB-2F1E6E64A53D}.Debug|x64.Build.0 = Debug|x64
		{B41E8438-6D73-43BF-B9BB-2F1E6E64A53D}.Debug|x86.ActiveCfg = Debug|Win32
		{B41E8438-6D73-43BF-B9BB-2F1E6E64A53D}.Debug|x86.Build.0 = Debug|Win32
		{B41E8438-6D73-43BF-B9BB-2F1E6E64A53D}.Release|x64.ActiveCfg = Release|x64
		{B41E8438-6D73-43BF-B9BB-2F1E6E64A53D}.Release|x64.Build.0 = Release|x64
		{B41E8438-6D73-43BF-B9BB-2F1E6E64A53D}.Release|x86.ActiveCfg = Release|Win32
		{B41E8438-6D73-43BF-B9BB-2F1E6E64A53D}.Release|x86.Build.0 = Release|Win32
		{22CFB6E3-1423-4811-8C93-0A0CD44125E6}.Debug|x64.ActiveCfg = Debug|x64
		{22CFB6E3-1423-4811-8C93-0A0CD44125E6}.Debug|x64.Build.0 = Debug|x64
		{22CFB6E3-1423-4811-8C93-0A0CD44125E6}.Debug|x86.ActiveCfg = Debug|Win32
		{22CFB6E3-1423-4811-8C93-0A0CD44125E6}.Debug|x86.Build.0 = Debug|Win32
		{22CFB6E3-1423-4811-8C93-0A0CD44125E6}.Release|x64.ActiveCfg = Release|x64
		{22CFB6E3-1423-4811-8C93-0A0CD44125E6}.Release|x64.Build.0 = Release|x64
		{22CFB6E3-1423-4811-8C93-0A0CD44125E6}.Release|x86.ActiveCfg = Release|Win32
		{22CFB6E3-1423-4811-8C93-0A0CD44125E6}.Release|x86.Build.0 = Release|Win32
		{312BEC6C-78AF-4B53-9DF0-8697EB551CCC}.Debug|x64.ActiveCfg = Debug|x64
		{312BEC6C-78AF-4B53-9DF0-8697EB551CCC}.Debug|x64.Build.0 = Debug|x64
		{312BEC6C-78AF-4B53-9DF0-8697EB551CCC}.Debug|x86.ActiveCfg = Debug|Win32
		{312BEC6C-78AF-4B53-9DF0-8697EB551CCC}.Debug|x86.Build.0 = Debug|Win32
		{312BEC6C-78AF-4B53-9DF0-8697EB551CCC}.Release|x64.ActiveCfg = Release|x64
		{312BEC6C-78AF-4B53-9DF0-8697EB551CCC}.Release|x64.Build.0 = Release|x64
		{312BEC6C-78AF-4B53-9DF0-8697EB551CCC}.Release|x86.ActiveCfg = Release|Win32
		{312BEC6C-78AF-4B53-9DF0-8697EB551CCC}.Release|x86.Build.0 = Release|Win32
		{C72D2335-E4E9-4D0E-AC92-FC904E958131}.Debug|x64.ActiveCfg = Debug|x64
		{C72D2335-E4E9-4D0E-AC92-FC904E958131}.Debug|x64.Build.0 = Debug|x64
		{C72D2335-E4E9-4D0E-AC92-FC904E958131}.Debug|x86.ActiveCfg = Debug|Win32
		{C72D2335-E4E9-4D0E-AC92-FC904E958131}.Debug|x86.Build.0 = Debug|Win32
		{C72D2335-E4E9-4D0E-AC92-FC904E958131}.Release|x64.ActiveCfg = Release|x64
		{C72D2335-E4E9-4D0E-AC92-FC904E958131}.Release|x64.Build.0 = Release|x64
		{C72D2335-E4E9-4D0E-AC92-FC904E958131}.Release|x86.ActiveCfg = Release|Win32
		{C72D2335-E4E9-4D0E-AC92-FC904E958131}.Release|x86.Build.0 = Release|Win32
		{48528209-7C68-42DC-A4B2-D5DD40739ABF}.Debug|x64.ActiveCfg = Debug|x64
		{48528209-7C68-42DC-A4B2-D5DD40739ABF}.Debug|x64.Build.0 = Debug|x64
		{48528209-7C68-42DC-A4B2-D5DD40739ABF}.Debug|x86.ActiveCfg = Debug|Win32
		{48528209-7C68-42DC-A4B2-D5DD40739ABF}.Debug|x86.Build.0 = Debug|Win32
		{48528209-7C68-42DC-A4B2-D5DD40739ABF}.Release|x64.ActiveCfg = Release|x64
		{48528209-7C68-42DC-A4B2-D5DD40739ABF}.Release|x64.Build.0 = Release|x64
		{48528209-7C68-42DC-A4B2-D5DD40739ABF}.Release|x86.ActiveCfg = Release|Win32
		{48528209-7C68-42DC-A4B2-D5DD40739ABF}.Release|x86.Build.0 = Release|Win32
		{B9F2939A-B4E6-4AD5-B53E-2C3FF840F730}.Debug|x64.ActiveCfg = Debug|x64
		{B9F2939A-B4E6-4AD5-B53E-2C3FF840F730}.Debug|x64.Build.0 = Debug|x64
		{B9F2939A-B4E6-4AD5-B53E-2C3FF840F730}.Debug|x86.ActiveCfg = Debug|Win32
		{B9F2939A-B4E6-4AD5-B53E-2C3FF840F730}.Debug|x86.Build.0 = Debug|Win32
		{B9F2939A-B4E6-4AD5-B53E-2C3FF840F730}.Release|x64.ActiveCfg = Release|x64
		{B9F2939A-B4E6-4AD5-B53E-2C3FF840F730}.Release|x64.Build.0 = Release|x64
		{B9F2939A-B4E6-4AD5-B53E-2C3FF840F730}.Release|x86.ActiveCfg = Release|Win32
		{B9F2939A-B4E6-4AD5-B53E-2C3FF840F730}.Release|x86.Build.0 = Release|Win32
		{1BF43AAF-1843-4B69-BF88-2AFC438F4620}.Debug|x64.ActiveCfg = Debug|x64
		{1BF43AAF-1843-4B69-BF88-2AFC438F4620}.Debug|x64.Build.0 = Debug|x64
		{1BF43AAF-1843-4B69-BF88-2AFC438F4620}.Debug|x86.ActiveCfg = Debug|Win32
		{1BF43AAF-1843-4B69-BF88-2AFC438F4620}.Debug|x86.Build.0 = Debug|Win32
		{1BF43AAF-1843-4B69-BF88-2AFC438F4620}.Release|x64.ActiveCfg = Release|x64
		{1BF43AAF-1843-4B69-BF88-2AFC438F4620}.Release|x64.Build.0 = Release|x64
		{1BF43AAF-1843-4B69-BF88-2AFC438F4620}.Release|x86.ActiveCfg = Release|Win32
		{1BF43AAF-1843-4B69-BF88-2AFC438F4620}.Release|x86.Build.0 = Release|Win32
		{55D29F88-6418-44FE-8281-EAE8BA173166}.Debug|x64.ActiveCfg = Debug|x64
		{55D29F88-6418-44FE-8281-EAE8BA173166}.Debug|x64.Build.0 = Debug|x64
		{55D29F88-6418-44FE-8281-EAE8BA173166}.Debug|x86.ActiveCfg = Debug|Win32
		{55D29F88-6418-44FE-8281-EAE8BA173166}.Debug|x86.Build.0 = Debug|Win32
		{55D29F88-6418-44FE-8281-EAE8BA173166}.Release|x64.ActiveCfg = Release|x64
		{55D29F88-6418-44FE-8281-EAE8BA173166}.Release|x64.Build.0 = Release|x64
		{55D29F88-6418-44FE-8281-EAE8BA173166}.Release|x86.ActiveCfg = Release|Win32
		{55D29F88-6418-44FE-8281-EAE8BA173166}.Release|x86.Build.0 = Release|Win32
		{128B3765-B53E-47B2-B153-0FEA562D699D}.Debug|x64.ActiveCfg = Debug|x64
		{128B3765-B53E-47B2-B153-0FEA562D699D}.Debug|x64.Build.0 = Debug|x64
		{128B3765-B53E-47B2-B153-0FEA562D699D}.Debug|x86.ActiveCfg = Debug|Win32
		{128B3765-B53E-47B2-B153-0FEA562D699D}.Debug|x86.Build.0 = Debug|Win32
		{128B3765-B53E-47B2-B153-0FEA562D699D}.Release|x64.ActiveCfg = Release|x64
		{128B3765-B53E-47B2-B153-0FEA562D699D}.Release|x64.Build.0 = Release|x64
		{128B3765-B53E-47B2-B153-0FEA562D699D}.Release|x86.ActiveCfg = Release|Win32
		{128B3765-B53E-47B2-B153-0FEA562D699D}.Release|x86.Build.0 = Release|Win32
		{0607BCA6-DCE9-4571-9E4C-9476FDCC7CF3}.Debug|x64.ActiveCfg = Debug|x64
		{0607BCA6-DCE9-4571-9E4C-9476FDCC7CF3}.Debug|x64.Build.0 = Debug|x64
		{0607BCA6-DCE9-4571-9E4C-9476FDCC7CF3}.Debug|x86.ActiveCfg = Debug|Win32
		{0607BCA6-DCE9-4571-9E4C-9476FDCC7CF3}.Debug|x86.Build.0 = Debug|Win32
		{0607BCA6-DCE9-4571-9E4C-9476FDCC7CF3}.Release|x64.ActiveCfg = Release|x64
		{0607BCA6-DCE9-4571-9E4C-9476FDCC7CF3}.Release|x64.Build.0 = Release|x64
		{0607BCA6-DCE9-4571-9E4C-9476FDCC7CF3}.Release|x86.ActiveCfg = Release|Win32
		{0607BCA6-DCE9-4571-9E4C-9476FDCC7CF3}.Release|x86.Build.0 = Release|Win32
		{DC041914-3094-48CF-B64C-C62CC8F575BF}.Debug|x64.ActiveCfg = Debug|x64
		{DC041914-3094-48CF-B64C-C62CC8F575BF}.Debug|x64.Build.0 = Debug|x64
		{DC041914-3094-48CF-B64C-C62CC8F575BF}.Debug|x86.ActiveCfg = Debug|Win32
		{DC041914-3094-48CF-B64C-C62CC8F575BF}.Debug|x86.Build.0 = Debug|Win32
		{DC041914-3094-48CF-B64C-C62CC8F575BF}.Release|x64.ActiveCfg = Release|x64
		{DC041914-3094-48CF-B64C-C62CC8F575BF}.Release|x64.Build.0 = Release|x64
		{DC041914-3094-48CF-B64C-C62CC8F575BF}.Release|x86.ActiveCfg = Release|Win32
		{DC041914-3094-48CF-B64C-C62CC8F575BF}.Release|x86.Build.0 = Release|Win32
		{1D622B93-EB59-4088-AB80-FA67C52C94FA}.Debug|x64.ActiveCfg = Debug|x64
		{1D622B93-EB59-4088-AB80-FA67C52C94FA}.Debug|x64.Build.0 = Debug|x64
		{1D622B93-EB59-4088-AB80-FA67C52C94FA}.Debug|x86.ActiveCfg = Debug|Win32
		{1D622B93-EB59-4088-AB80-FA67C52C94FA}.Debug|x86.Build.0 = Debug|Win32
		{1D622B93-EB59-4088-AB80-FA67C52C94FA}.Release|x64.ActiveCfg = Release|x64
		{1D622B93-EB59-4088-AB80-FA67C52C94FA}.Release|x64.Build.0 = Release|x64
		{1D622B93-EB59-4088-AB80-FA67C52C94FA}.Release|x86.ActiveCfg = Release|Win32
		{1D622B93-EB59-4088-AB80-FA67C52C94FA}.Release|x86.Build.0 = Release|Win32
	EndGlobalSection
	GlobalSection(SolutionProperties) = preSolution
		HideSolutionNode = FALSE
	EndGlobalSection
	GlobalSection(ExtensibilityGlobals) = postSolution
		SolutionGuid = {52DD44B3-9847-49C4-B928-DE2D484791C7}
	EndGlobalSection
EndGlobal
