<?xml version="1.0" encoding="utf-8"?>
<Project ToolsVersion="4.0" xmlns="http://schemas.microsoft.com/developer/msbuild/2003">
  <ItemGroup>
    <ClCompile Include="BaseDayTest.h">
      <Filter>Source Files</Filter>
    </ClCompile>
    <ClCompile Include="Day18.cpp">
      <Filter>Source Files</Filter>
    </ClCompile>
    <ClCompile Include="Day19.cpp">
      <Filter>Source Files</Filter>
    </ClCompile>
    <ClCompile Include="Day20.cpp">
      <Filter>Source Files</Filter>
    </ClCompile>
    <ClCompile Include="Day21.cpp">
      <Filter>Source Files</Filter>
    </ClCompile>
  </ItemGroup>
  <ItemGroup>
    <None Include="packages.config" />
  </ItemGroup>
  <ItemGroup>
    <Filter Include="Source Files">
      <UniqueIdentifier>{b8e01cad-b8d8-4a55-93fc-99d459b5a746}</UniqueIdentifier>
    </Filter>
    <Filter Include="Resource Files">
      <UniqueIdentifier>{d008c04b-65dc-4a4e-99d6-f97230bde738}</UniqueIdentifier>
    </Filter>
  </ItemGroup>
  <ItemGroup>
    <Text Include="Inputs\Day18.txt">
      <Filter>Resource Files</Filter>
    </Text>
    <Text Include="Inputs\Day19.txt">
      <Filter>Resource Files</Filter>
    </Text>
    <Text Include="Inputs\Day20.txt">
      <Filter>Resource Files</Filter>
    </Text>
    <Text Include="Inputs\Day21.txt">
      <Filter>Resource Files</Filter>
    </Text>
  </ItemGroup>
</Project>